
Microsoft Visual Studio Solution File, Format Version 12.00
# Visual Studio 15
VisualStudioVersion = 15.0.27428.2002
MinimumVisualStudioVersion = 10.0.40219.1
Project("{FAE04EC0-301F-11D3-BF4B-00C04F79EFBC}") = "PerfSurf", "PerfSurf\PerfSurf.csproj", "{5983F837-A30F-4CB4-9BAC-545FCD420B2A}"
EndProject
Global
	GlobalSection(SolutionConfigurationPlatforms) = preSolution
		Debug|Any CPU = Debug|Any CPU
		Release|Any CPU = Release|Any CPU
	EndGlobalSection
	GlobalSection(ProjectConfigurationPlatforms) = postSolution
		{5983F837-A30F-4CB4-9BAC-545FCD420B2A}.Debug|Any CPU.ActiveCfg = Debug|Any CPU
		{5983F837-A30F-4CB4-9BAC-545FCD420B2A}.Debug|Any CPU.Build.0 = Debug|Any CPU
		{5983F837-A30F-4CB4-9BAC-545FCD420B2A}.Release|Any CPU.ActiveCfg = Release|Any CPU
		{5983F837-A30F-4CB4-9BAC-545FCD420B2A}.Release|Any CPU.Build.0 = Release|Any CPU
	EndGlobalSection
	GlobalSection(SolutionProperties) = preSolution
		HideSolutionNode = FALSE
	EndGlobalSection
	GlobalSection(ExtensibilityGlobals) = postSolution
		SolutionGuid = {43A7EA92-60EE-468C-B3AD-D6F2B3E4DC13}
	EndGlobalSection
EndGlobal
